
Microsoft Visual Studio Solution File, Format Version 12.00
# Visual Studio Version 16
VisualStudioVersion = 16.0.29728.190
MinimumVisualStudioVersion = 10.0.40219.1
Project("{FAE04EC0-301F-11D3-BF4B-00C04F79EFBC}") = "Arrays and lists", "Arrays and lists\Arrays and lists.csproj", "{F7E6BDBC-08CF-4A0E-82D1-92D1D3B953D1}"
EndProject
Global
	GlobalSection(SolutionConfigurationPlatforms) = preSolution
		Debug|Any CPU = Debug|Any CPU
		Release|Any CPU = Release|Any CPU
	EndGlobalSection
	GlobalSection(ProjectConfigurationPlatforms) = postSolution
		{F7E6BDBC-08CF-4A0E-82D1-92D1D3B953D1}.Debug|Any CPU.ActiveCfg = Debug|Any CPU
		{F7E6BDBC-08CF-4A0E-82D1-92D1D3B953D1}.Debug|Any CPU.Build.0 = Debug|Any CPU
		{F7E6BDBC-08CF-4A0E-82D1-92D1D3B953D1}.Release|Any CPU.ActiveCfg = Release|Any CPU
		{F7E6BDBC-08CF-4A0E-82D1-92D1D3B953D1}.Release|Any CPU.Build.0 = Release|Any CPU
	EndGlobalSection
	GlobalSection(SolutionProperties) = preSolution
		HideSolutionNode = FALSE
	EndGlobalSection
	GlobalSection(ExtensibilityGlobals) = postSolution
		SolutionGuid = {791A9405-2F49-4DF2-9E2B-FC9DCD83AC25}
	EndGlobalSection
EndGlobal
